
Microsoft Visual Studio Solution File, Format Version 12.00
# Visual Studio Version 17
VisualStudioVersion = 17.14.36518.9
MinimumVisualStudioVersion = 10.0.40219.1
Project("{FAE04EC0-301F-11D3-BF4B-00C04F79EFBC}") = "App.Application", "App.Application\App.Application.csproj", "{8A3C3B01-9137-46DC-BB90-53AA94D25B12}"
EndProject
Project("{FAE04EC0-301F-11D3-BF4B-00C04F79EFBC}") = "App.Infrastructure", "App.Infrastructure\App.Infrastructure.csproj", "{8726F249-6692-44BA-9605-5AD4154B283E}"
EndProject
Project("{FAE04EC0-301F-11D3-BF4B-00C04F79EFBC}") = "App.Domain", "App.Domain\App.Domain.csproj", "{8EBAE260-A3F7-4902-B27D-59D74EF82236}"
EndProject
Project("{FAE04EC0-301F-11D3-BF4B-00C04F79EFBC}") = "App.AppHost", "App.AppHost\App.AppHost.csproj", "{20E7C879-E538-4B32-BFA1-D4B9D150C7CC}"
EndProject
Project("{FAE04EC0-301F-11D3-BF4B-00C04F79EFBC}") = "App.ServiceDefaults", "App.ServiceDefaults\App.ServiceDefaults.csproj", "{2636964B-8507-08E7-1081-CD464FF4F663}"
EndProject
Project("{FAE04EC0-301F-11D3-BF4B-00C04F79EFBC}") = "App.Api", "App.Api\App.Api.csproj", "{9DA71A78-A28F-8F84-EF7E-17686113D26D}"
EndProject
Project("{FAE04EC0-301F-11D3-BF4B-00C04F79EFBC}") = "App.Tests", "App.Tests\App.Tests.csproj", "{64F26AD9-EDC8-4682-86A6-F45F854A09E4}"
EndProject
Project("{2150E333-8FDC-42A3-9474-1A3956D46DE8}") = "Solution Items", "Solution Items", "{8EC462FD-D22E-90A8-E5CE-7E832BA40C5D}"
	ProjectSection(SolutionItems) = preProject
		Reset-Db.ps1 = Reset-Db.ps1
	EndProjectSection
EndProject
Global
	GlobalSection(SolutionConfigurationPlatforms) = preSolution
		Debug|Any CPU = Debug|Any CPU
		Debug|x64 = Debug|x64
		Debug|x86 = Debug|x86
		Release|Any CPU = Release|Any CPU
		Release|x64 = Release|x64
		Release|x86 = Release|x86
	EndGlobalSection
	GlobalSection(ProjectConfigurationPlatforms) = postSolution
		{8A3C3B01-9137-46DC-BB90-53AA94D25B12}.Debug|Any CPU.ActiveCfg = Debug|Any CPU
		{8A3C3B01-9137-46DC-BB90-53AA94D25B12}.Debug|Any CPU.Build.0 = Debug|Any CPU
		{8A3C3B01-9137-46DC-BB90-53AA94D25B12}.Debug|x64.ActiveCfg = Debug|Any CPU
		{8A3C3B01-9137-46DC-BB90-53AA94D25B12}.Debug|x64.Build.0 = Debug|Any CPU
		{8A3C3B01-9137-46DC-BB90-53AA94D25B12}.Debug|x86.ActiveCfg = Debug|Any CPU
		{8A3C3B01-9137-46DC-BB90-53AA94D25B12}.Debug|x86.Build.0 = Debug|Any CPU
		{8A3C3B01-9137-46DC-BB90-53AA94D25B12}.Release|Any CPU.ActiveCfg = Release|Any CPU
		{8A3C3B01-9137-46DC-BB90-53AA94D25B12}.Release|Any CPU.Build.0 = Release|Any CPU
		{8A3C3B01-9137-46DC-BB90-53AA94D25B12}.Release|x64.ActiveCfg = Release|Any CPU
		{8A3C3B01-9137-46DC-BB90-53AA94D25B12}.Release|x64.Build.0 = Release|Any CPU
		{8A3C3B01-9137-46DC-BB90-53AA94D25B12}.Release|x86.ActiveCfg = Release|Any CPU
		{8A3C3B01-9137-46DC-BB90-53AA94D25B12}.Release|x86.Build.0 = Release|Any CPU
		{8726F249-6692-44BA-9605-5AD4154B283E}.Debug|Any CPU.ActiveCfg = Debug|Any CPU
		{8726F249-6692-44BA-9605-5AD4154B283E}.Debug|Any CPU.Build.0 = Debug|Any CPU
		{8726F249-6692-44BA-9605-5AD4154B283E}.Debug|x64.ActiveCfg = Debug|Any CPU
		{8726F249-6692-44BA-9605-5AD4154B283E}.Debug|x64.Build.0 = Debug|Any CPU
		{8726F249-6692-44BA-9605-5AD4154B283E}.Debug|x86.ActiveCfg = Debug|Any CPU
		{8726F249-6692-44BA-9605-5AD4154B283E}.Debug|x86.Build.0 = Debug|Any CPU
		{8726F249-6692-44BA-9605-5AD4154B283E}.Release|Any CPU.ActiveCfg = Release|Any CPU
		{8726F249-6692-44BA-9605-5AD4154B283E}.Release|Any CPU.Build.0 = Release|Any CPU
		{8726F249-6692-44BA-9605-5AD4154B283E}.Release|x64.ActiveCfg = Release|Any CPU
		{8726F249-6692-44BA-9605-5AD4154B283E}.Release|x64.Build.0 = Release|Any CPU
		{8726F249-6692-44BA-9605-5AD4154B283E}.Release|x86.ActiveCfg = Release|Any CPU
		{8726F249-6692-44BA-9605-5AD4154B283E}.Release|x86.Build.0 = Release|Any CPU
		{8EBAE260-A3F7-4902-B27D-59D74EF82236}.Debug|Any CPU.ActiveCfg = Debug|Any CPU
		{8EBAE260-A3F7-4902-B27D-59D74EF82236}.Debug|Any CPU.Build.0 = Debug|Any CPU
		{8EBAE260-A3F7-4902-B27D-59D74EF82236}.Debug|x64.ActiveCfg = Debug|Any CPU
		{8EBAE260-A3F7-4902-B27D-59D74EF82236}.Debug|x64.Build.0 = Debug|Any CPU
		{8EBAE260-A3F7-4902-B27D-59D74EF82236}.Debug|x86.ActiveCfg = Debug|Any CPU
		{8EBAE260-A3F7-4902-B27D-59D74EF82236}.Debug|x86.Build.0 = Debug|Any CPU
		{8EBAE260-A3F7-4902-B27D-59D74EF82236}.Release|Any CPU.ActiveCfg = Release|Any CPU
		{8EBAE260-A3F7-4902-B27D-59D74EF82236}.Release|Any CPU.Build.0 = Release|Any CPU
		{8EBAE260-A3F7-4902-B27D-59D74EF82236}.Release|x64.ActiveCfg = Release|Any CPU
		{8EBAE260-A3F7-4902-B27D-59D74EF82236}.Release|x64.Build.0 = Release|Any CPU
		{8EBAE260-A3F7-4902-B27D-59D74EF82236}.Release|x86.ActiveCfg = Release|Any CPU
		{8EBAE260-A3F7-4902-B27D-59D74EF82236}.Release|x86.Build.0 = Release|Any CPU
		{20E7C879-E538-4B32-BFA1-D4B9D150C7CC}.Debug|Any CPU.ActiveCfg = Debug|Any CPU
		{20E7C879-E538-4B32-BFA1-D4B9D150C7CC}.Debug|Any CPU.Build.0 = Debug|Any CPU
		{20E7C879-E538-4B32-BFA1-D4B9D150C7CC}.Debug|x64.ActiveCfg = Debug|Any CPU
		{20E7C879-E538-4B32-BFA1-D4B9D150C7CC}.Debug|x64.Build.0 = Debug|Any CPU
		{20E7C879-E538-4B32-BFA1-D4B9D150C7CC}.Debug|x86.ActiveCfg = Debug|Any CPU
		{20E7C879-E538-4B32-BFA1-D4B9D150C7CC}.Debug|x86.Build.0 = Debug|Any CPU
		{20E7C879-E538-4B32-BFA1-D4B9D150C7CC}.Release|Any CPU.ActiveCfg = Release|Any CPU
		{20E7C879-E538-4B32-BFA1-D4B9D150C7CC}.Release|Any CPU.Build.0 = Release|Any CPU
		{20E7C879-E538-4B32-BFA1-D4B9D150C7CC}.Release|x64.ActiveCfg = Release|Any CPU
		{20E7C879-E538-4B32-BFA1-D4B9D150C7CC}.Release|x64.Build.0 = Release|Any CPU
		{20E7C879-E538-4B32-BFA1-D4B9D150C7CC}.Release|x86.ActiveCfg = Release|Any CPU
		{20E7C879-E538-4B32-BFA1-D4B9D150C7CC}.Release|x86.Build.0 = Release|Any CPU
		{2636964B-8507-08E7-1081-CD464FF4F663}.Debug|Any CPU.ActiveCfg = Debug|Any CPU
		{2636964B-8507-08E7-1081-CD464FF4F663}.Debug|Any CPU.Build.0 = Debug|Any CPU
		{2636964B-8507-08E7-1081-CD464FF4F663}.Debug|x64.ActiveCfg = Debug|Any CPU
		{2636964B-8507-08E7-1081-CD464FF4F663}.Debug|x64.Build.0 = Debug|Any CPU
		{2636964B-8507-08E7-1081-CD464FF4F663}.Debug|x86.ActiveCfg = Debug|Any CPU
		{2636964B-8507-08E7-1081-CD464FF4F663}.Debug|x86.Build.0 = Debug|Any CPU
		{2636964B-8507-08E7-1081-CD464FF4F663}.Release|Any CPU.ActiveCfg = Release|Any CPU
		{2636964B-8507-08E7-1081-CD464FF4F663}.Release|Any CPU.Build.0 = Release|Any CPU
		{2636964B-8507-08E7-1081-CD464FF4F663}.Release|x64.ActiveCfg = Release|Any CPU
		{2636964B-8507-08E7-1081-CD464FF4F663}.Release|x64.Build.0 = Release|Any CPU
		{2636964B-8507-08E7-1081-CD464FF4F663}.Release|x86.ActiveCfg = Release|Any CPU
		{2636964B-8507-08E7-1081-CD464FF4F663}.Release|x86.Build.0 = Release|Any CPU
		{9DA71A78-A28F-8F84-EF7E-17686113D26D}.Debug|Any CPU.ActiveCfg = Debug|Any CPU
		{9DA71A78-A28F-8F84-EF7E-17686113D26D}.Debug|Any CPU.Build.0 = Debug|Any CPU
		{9DA71A78-A28F-8F84-EF7E-17686113D26D}.Debug|x64.ActiveCfg = Debug|Any CPU
		{9DA71A78-A28F-8F84-EF7E-17686113D26D}.Debug|x64.Build.0 = Debug|Any CPU
		{9DA71A78-A28F-8F84-EF7E-17686113D26D}.Debug|x86.ActiveCfg = Debug|Any CPU
		{9DA71A78-A28F-8F84-EF7E-17686113D26D}.Debug|x86.Build.0 = Debug|Any CPU
		{9DA71A78-A28F-8F84-EF7E-17686113D26D}.Release|Any CPU.ActiveCfg = Release|Any CPU
		{9DA71A78-A28F-8F84-EF7E-17686113D26D}.Release|Any CPU.Build.0 = Release|Any CPU
		{9DA71A78-A28F-8F84-EF7E-17686113D26D}.Release|x64.ActiveCfg = Release|Any CPU
		{9DA71A78-A28F-8F84-EF7E-17686113D26D}.Release|x64.Build.0 = Release|Any CPU
		{9DA71A78-A28F-8F84-EF7E-17686113D26D}.Release|x86.ActiveCfg = Release|Any CPU
		{9DA71A78-A28F-8F84-EF7E-17686113D26D}.Release|x86.Build.0 = Release|Any CPU
		{64F26AD9-EDC8-4682-86A6-F45F854A09E4}.Debug|Any CPU.ActiveCfg = Debug|Any CPU
		{64F26AD9-EDC8-4682-86A6-F45F854A09E4}.Debug|Any CPU.Build.0 = Debug|Any CPU
		{64F26AD9-EDC8-4682-86A6-F45F854A09E4}.Debug|x64.ActiveCfg = Debug|Any CPU
		{64F26AD9-EDC8-4682-86A6-F45F854A09E4}.Debug|x64.Build.0 = Debug|Any CPU
		{64F26AD9-EDC8-4682-86A6-F45F854A09E4}.Debug|x86.ActiveCfg = Debug|Any CPU
		{64F26AD9-EDC8-4682-86A6-F45F854A09E4}.Debug|x86.Build.0 = Debug|Any CPU
		{64F26AD9-EDC8-4682-86A6-F45F854A09E4}.Release|Any CPU.ActiveCfg = Release|Any CPU
		{64F26AD9-EDC8-4682-86A6-F45F854A09E4}.Release|Any CPU.Build.0 = Release|Any CPU
		{64F26AD9-EDC8-4682-86A6-F45F854A09E4}.Release|x64.ActiveCfg = Release|Any CPU
		{64F26AD9-EDC8-4682-86A6-F45F854A09E4}.Release|x64.Build.0 = Release|Any CPU
		{64F26AD9-EDC8-4682-86A6-F45F854A09E4}.Release|x86.ActiveCfg = Release|Any CPU
		{64F26AD9-EDC8-4682-86A6-F45F854A09E4}.Release|x86.Build.0 = Release|Any CPU
	EndGlobalSection
	GlobalSection(SolutionProperties) = preSolution
		HideSolutionNode = FALSE
	EndGlobalSection
	GlobalSection(ExtensibilityGlobals) = postSolution
		SolutionGuid = {796EAE54-21B8-41D1-BF0F-44C13564BAE4}
	EndGlobalSection
EndGlobal
